
Microsoft Visual Studio Solution File, Format Version 12.00
# Visual Studio 2012
Project("{FAE04EC0-301F-11D3-BF4B-00C04F79EFBC}") = "DSP_LR1", "DSP_LR1\DSP_LR1.csproj", "{717B0D8B-ACE1-4B43-B11F-E9373276387B}"
EndProject
Global
	GlobalSection(SolutionConfigurationPlatforms) = preSolution
		Debug|Any CPU = Debug|Any CPU
		Release|Any CPU = Release|Any CPU
	EndGlobalSection
	GlobalSection(ProjectConfigurationPlatforms) = postSolution
		{717B0D8B-ACE1-4B43-B11F-E9373276387B}.Debug|Any CPU.ActiveCfg = Debug|Any CPU
		{717B0D8B-ACE1-4B43-B11F-E9373276387B}.Debug|Any CPU.Build.0 = Debug|Any CPU
		{717B0D8B-ACE1-4B43-B11F-E9373276387B}.Release|Any CPU.ActiveCfg = Release|Any CPU
		{717B0D8B-ACE1-4B43-B11F-E9373276387B}.Release|Any CPU.Build.0 = Release|Any CPU
	EndGlobalSection
	GlobalSection(SolutionProperties) = preSolution
		HideSolutionNode = FALSE
	EndGlobalSection
EndGlobal
