
Microsoft Visual Studio Solution File, Format Version 11.00
# Visual Studio 2010
Project("{8BC9CEB8-8B4A-11D0-8D11-00A0C91BC942}") = "SIAOD", "SIAOD\SIAOD.vcxproj", "{8E42CB2E-283D-4D8B-BDEE-67D4993B3D74}"
EndProject
Global
	GlobalSection(SolutionConfigurationPlatforms) = preSolution
		Debug|Win32 = Debug|Win32
		Release|Win32 = Release|Win32
	EndGlobalSection
	GlobalSection(ProjectConfigurationPlatforms) = postSolution
		{8E42CB2E-283D-4D8B-BDEE-67D4993B3D74}.Debug|Win32.ActiveCfg = Debug|Win32
		{8E42CB2E-283D-4D8B-BDEE-67D4993B3D74}.Debug|Win32.Build.0 = Debug|Win32
		{8E42CB2E-283D-4D8B-BDEE-67D4993B3D74}.Release|Win32.ActiveCfg = Release|Win32
		{8E42CB2E-283D-4D8B-BDEE-67D4993B3D74}.Release|Win32.Build.0 = Release|Win32
	EndGlobalSection
	GlobalSection(SolutionProperties) = preSolution
		HideSolutionNode = FALSE
	EndGlobalSection
EndGlobal
