
Microsoft Visual Studio Solution File, Format Version 12.00
# Visual Studio 2012
Project("{FAE04EC0-301F-11D3-BF4B-00C04F79EFBC}") = "ClickToCallURL", "ClickToCallURL\ClickToCallURL.csproj", "{CDC0A952-8483-401B-B148-F3308B7C4EAB}"
EndProject
Global
	GlobalSection(SolutionConfigurationPlatforms) = preSolution
		Debug|Any CPU = Debug|Any CPU
		Release|Any CPU = Release|Any CPU
	EndGlobalSection
	GlobalSection(ProjectConfigurationPlatforms) = postSolution
		{CDC0A952-8483-401B-B148-F3308B7C4EAB}.Debug|Any CPU.ActiveCfg = Debug|Any CPU
		{CDC0A952-8483-401B-B148-F3308B7C4EAB}.Debug|Any CPU.Build.0 = Debug|Any CPU
		{CDC0A952-8483-401B-B148-F3308B7C4EAB}.Release|Any CPU.ActiveCfg = Release|Any CPU
		{CDC0A952-8483-401B-B148-F3308B7C4EAB}.Release|Any CPU.Build.0 = Release|Any CPU
	EndGlobalSection
	GlobalSection(SolutionProperties) = preSolution
		HideSolutionNode = FALSE
	EndGlobalSection
EndGlobal
