
Microsoft Visual Studio Solution File, Format Version 12.00
# Visual Studio 2012
Project("{8BC9CEB8-8B4A-11D0-8D11-00A0C91BC942}") = "OperatingSystemContest_Deadlock", "OperatingSystemContest_Deadlock\OperatingSystemContest_Deadlock.vcxproj", "{B69B1921-C4BC-42C8-A610-4698D17420E6}"
EndProject
Global
	GlobalSection(SolutionConfigurationPlatforms) = preSolution
		Debug|Win32 = Debug|Win32
		Release|Win32 = Release|Win32
	EndGlobalSection
	GlobalSection(ProjectConfigurationPlatforms) = postSolution
		{B69B1921-C4BC-42C8-A610-4698D17420E6}.Debug|Win32.ActiveCfg = Debug|Win32
		{B69B1921-C4BC-42C8-A610-4698D17420E6}.Debug|Win32.Build.0 = Debug|Win32
		{B69B1921-C4BC-42C8-A610-4698D17420E6}.Release|Win32.ActiveCfg = Release|Win32
		{B69B1921-C4BC-42C8-A610-4698D17420E6}.Release|Win32.Build.0 = Release|Win32
	EndGlobalSection
	GlobalSection(SolutionProperties) = preSolution
		HideSolutionNode = FALSE
	EndGlobalSection
EndGlobal
